{
  "lockfile_version": "1",
  "packages": {
    "claude-code@latest": {
      "last_modified": "2025-11-23T21:50:36Z",
      "resolved": "github:NixOS/nixpkgs/ee09932cedcef15aaf476f9343d1dea2cb77e261#claude-code",
      "source": "devbox-search",
      "version": "2.0.50",
      "systems": {
        "aarch64-darwin": {
          "outputs": [
            {
              "name": "out",
              "path": "/nix/store/pm2kgjvn7h9p8mh0b0wz3lr3fkfh618p-claude-code-2.0.50",
              "default": true
            }
          ],
          "store_path": "/nix/store/pm2kgjvn7h9p8mh0b0wz3lr3fkfh618p-claude-code-2.0.50"
        },
        "aarch64-linux": {
          "outputs": [
            {
              "name": "out",
              "path": "/nix/store/p1zsrlkynidcyaw0b178i75h944qf3qc-claude-code-2.0.50",
              "default": true
            }
          ],
          "store_path": "/nix/store/p1zsrlkynidcyaw0b178i75h944qf3qc-claude-code-2.0.50"
        },
        "x86_64-darwin": {
          "outputs": [
            {
              "name": "out",
              "path": "/nix/store/lnzkjf61jy8p9k7ilx8v6cwd5i3hc4kk-claude-code-2.0.50",
              "default": true
            }
          ],
          "store_path": "/nix/store/lnzkjf61jy8p9k7ilx8v6cwd5i3hc4kk-claude-code-2.0.50"
        },
        "x86_64-linux": {
          "outputs": [
            {
              "name": "out",
              "path": "/nix/store/fpf7ymzasxlnxlj211vqnv818xhqf1ni-claude-code-2.0.50",
              "default": true
            }
          ],
          "store_path": "/nix/store/fpf7ymzasxlnxlj211vqnv818xhqf1ni-claude-code-2.0.50"
        }
      }
    },
    "github:NixOS/nixpkgs/nixpkgs-unstable": {
      "last_modified": "2025-11-16T17:00:02Z",
      "resolved": "github:NixOS/nixpkgs/85a6c4a07faa12aaccd81b36ba9bfc2bec974fa1?lastModified=1763312402&narHash=sha256-3YJkOBrFpmcusnh7i8GXXEyh7qZG%2F8F5z5%2B717550Hk%3D"
    },
    "terraform@latest": {
      "last_modified": "2025-11-23T21:50:36Z",
      "resolved": "github:NixOS/nixpkgs/ee09932cedcef15aaf476f9343d1dea2cb77e261#terraform",
      "source": "devbox-search",
      "version": "1.14.0",
      "systems": {
        "aarch64-darwin": {
          "outputs": [
            {
              "name": "out",
              "path": "/nix/store/fcffzm2jvkbn1m3fl8w0b83h3yr6l2r0-terraform-1.14.0",
              "default": true
            }
          ],
          "store_path": "/nix/store/fcffzm2jvkbn1m3fl8w0b83h3yr6l2r0-terraform-1.14.0"
        },
        "aarch64-linux": {
          "outputs": [
            {
              "name": "out",
              "path": "/nix/store/x8932fh2i0vrplj772zkj8jb3mshb6w8-terraform-1.14.0",
              "default": true
            }
          ],
          "store_path": "/nix/store/x8932fh2i0vrplj772zkj8jb3mshb6w8-terraform-1.14.0"
        },
        "x86_64-darwin": {
          "outputs": [
            {
              "name": "out",
              "path": "/nix/store/5d5nr29433cjj22vh5dnrhrz58xx20z3-terraform-1.14.0",
              "default": true
            }
          ],
          "store_path": "/nix/store/5d5nr29433cjj22vh5dnrhrz58xx20z3-terraform-1.14.0"
        },
        "x86_64-linux": {
          "outputs": [
            {
              "name": "out",
              "path": "/nix/store/bfszjikq6m16ncgbgxdvq351xgzgh1ms-terraform-1.14.0",
              "default": true
            }
          ],
          "store_path": "/nix/store/bfszjikq6m16ncgbgxdvq351xgzgh1ms-terraform-1.14.0"
        }
      }
    }
  }
}
